// !$*UTF8*$!
{
	archiveVersion = 1;
	classes = {
	};
	objectVersion = 56;
	objects = {

/* Begin PBXBuildFile section */
		C1376E9729FFA3FB00363ADC /* AppDelegate.swift in Sources */ = {isa = PBXBuildFile; fileRef = C1376E9629FFA3FB00363ADC /* AppDelegate.swift */; };
		C1376E9929FFA3FB00363ADC /* SceneDelegate.swift in Sources */ = {isa = PBXBuildFile; fileRef = C1376E9829FFA3FB00363ADC /* SceneDelegate.swift */; };
		C1376E9B29FFA3FB00363ADC /* WithGradientVC.swift in Sources */ = {isa = PBXBuildFile; fileRef = C1376E9A29FFA3FB00363ADC /* WithGradientVC.swift */; };
		C1376EA029FFA3FC00363ADC /* Assets.xcassets in Resources */ = {isa = PBXBuildFile; fileRef = C1376E9F29FFA3FC00363ADC /* Assets.xcassets */; };
		C1376EA329FFA3FC00363ADC /* LaunchScreen.storyboard in Resources */ = {isa = PBXBuildFile; fileRef = C1376EA129FFA3FC00363ADC /* LaunchScreen.storyboard */; };
		C1376EAC29FFA85200363ADC /* UIView+Layout.swift in Sources */ = {isa = PBXBuildFile; fileRef = C1376EAB29FFA85200363ADC /* UIView+Layout.swift */; };
		C1376EB029FFAA5C00363ADC /* GradientView.swift in Sources */ = {isa = PBXBuildFile; fileRef = C1376EAF29FFAA5C00363ADC /* GradientView.swift */; };
		C1409FD42A03A45D00A8CE64 /* WithButtonsVC.swift in Sources */ = {isa = PBXBuildFile; fileRef = C1409FD32A03A45D00A8CE64 /* WithButtonsVC.swift */; };
		C1409FD72A03A49C00A8CE64 /* ButtonCell.swift in Sources */ = {isa = PBXBuildFile; fileRef = C1409FD62A03A49C00A8CE64 /* ButtonCell.swift */; };
		C1409FDA2A03ABEB00A8CE64 /* ButtonTableViewCellVM.swift in Sources */ = {isa = PBXBuildFile; fileRef = C1409FD92A03ABEB00A8CE64 /* ButtonTableViewCellVM.swift */; };
		C1409FDE2A03ACAA00A8CE64 /* AnyReusableViewModelProtocol.swift in Sources */ = {isa = PBXBuildFile; fileRef = C1409FDD2A03ACAA00A8CE64 /* AnyReusableViewModelProtocol.swift */; };
		C1409FE02A03AD0400A8CE64 /* TableViewCellModelProtocol.swift in Sources */ = {isa = PBXBuildFile; fileRef = C1409FDF2A03AD0400A8CE64 /* TableViewCellModelProtocol.swift */; };
		C1409FE22A03ADF900A8CE64 /* UITableView+ViewModel.swift in Sources */ = {isa = PBXBuildFile; fileRef = C1409FE12A03ADF900A8CE64 /* UITableView+ViewModel.swift */; };
		C1409FE42A03AE5800A8CE64 /* Reusable.swift in Sources */ = {isa = PBXBuildFile; fileRef = C1409FE32A03AE5800A8CE64 /* Reusable.swift */; };
		C1409FE62A03B10800A8CE64 /* UITableView+Reusable.swift in Sources */ = {isa = PBXBuildFile; fileRef = C1409FE52A03B10800A8CE64 /* UITableView+Reusable.swift */; };
		C1409FE82A03B44C00A8CE64 /* UIView+Reusable.swift in Sources */ = {isa = PBXBuildFile; fileRef = C1409FE72A03B44C00A8CE64 /* UIView+Reusable.swift */; };
		C1409FEB2A03B57300A8CE64 /* WithButtonsViewModel.swift in Sources */ = {isa = PBXBuildFile; fileRef = C1409FEA2A03B57300A8CE64 /* WithButtonsViewModel.swift */; };
		C14A1F052A0512AD00756EA1 /* UIButton+Animation.swift in Sources */ = {isa = PBXBuildFile; fileRef = C14A1F042A0512AD00756EA1 /* UIButton+Animation.swift */; };
		C178BD432A03DF3C00973A20 /* WithButtonsCoordinator.swift in Sources */ = {isa = PBXBuildFile; fileRef = C178BD422A03DF3C00973A20 /* WithButtonsCoordinator.swift */; };
		C178BD452A03E94700973A20 /* WithGradientCoordinator.swift in Sources */ = {isa = PBXBuildFile; fileRef = C178BD442A03E94700973A20 /* WithGradientCoordinator.swift */; };
		C1974D742A061EF50070C987 /* AppCoordinator.swift in Sources */ = {isa = PBXBuildFile; fileRef = C1974D732A061EF50070C987 /* AppCoordinator.swift */; };
/* End PBXBuildFile section */

/* Begin PBXFileReference section */
		C1376E9329FFA3FB00363ADC /* FathersKick.app */ = {isa = PBXFileReference; explicitFileType = wrapper.application; includeInIndex = 0; path = FathersKick.app; sourceTree = BUILT_PRODUCTS_DIR; };
		C1376E9629FFA3FB00363ADC /* AppDelegate.swift */ = {isa = PBXFileReference; lastKnownFileType = sourcecode.swift; path = AppDelegate.swift; sourceTree = "<group>"; };
		C1376E9829FFA3FB00363ADC /* SceneDelegate.swift */ = {isa = PBXFileReference; lastKnownFileType = sourcecode.swift; path = SceneDelegate.swift; sourceTree = "<group>"; };
		C1376E9A29FFA3FB00363ADC /* WithGradientVC.swift */ = {isa = PBXFileReference; lastKnownFileType = sourcecode.swift; path = WithGradientVC.swift; sourceTree = "<group>"; };
		C1376E9F29FFA3FC00363ADC /* Assets.xcassets */ = {isa = PBXFileReference; lastKnownFileType = folder.assetcatalog; path = Assets.xcassets; sourceTree = "<group>"; };
		C1376EA229FFA3FC00363ADC /* Base */ = {isa = PBXFileReference; lastKnownFileType = file.storyboard; name = Base; path = Base.lproj/LaunchScreen.storyboard; sourceTree = "<group>"; };
		C1376EA429FFA3FC00363ADC /* Info.plist */ = {isa = PBXFileReference; lastKnownFileType = text.plist.xml; path = Info.plist; sourceTree = "<group>"; };
		C1376EAB29FFA85200363ADC /* UIView+Layout.swift */ = {isa = PBXFileReference; lastKnownFileType = sourcecode.swift; path = "UIView+Layout.swift"; sourceTree = "<group>"; };
		C1376EAF29FFAA5C00363ADC /* GradientView.swift */ = {isa = PBXFileReference; lastKnownFileType = sourcecode.swift; path = GradientView.swift; sourceTree = "<group>"; };
		C1409FD32A03A45D00A8CE64 /* WithButtonsVC.swift */ = {isa = PBXFileReference; lastKnownFileType = sourcecode.swift; path = WithButtonsVC.swift; sourceTree = "<group>"; };
		C1409FD62A03A49C00A8CE64 /* ButtonCell.swift */ = {isa = PBXFileReference; lastKnownFileType = sourcecode.swift; path = ButtonCell.swift; sourceTree = "<group>"; };
		C1409FD92A03ABEB00A8CE64 /* ButtonTableViewCellVM.swift */ = {isa = PBXFileReference; lastKnownFileType = sourcecode.swift; path = ButtonTableViewCellVM.swift; sourceTree = "<group>"; };
		C1409FDD2A03ACAA00A8CE64 /* AnyReusableViewModelProtocol.swift */ = {isa = PBXFileReference; lastKnownFileType = sourcecode.swift; path = AnyReusableViewModelProtocol.swift; sourceTree = "<group>"; };
		C1409FDF2A03AD0400A8CE64 /* TableViewCellModelProtocol.swift */ = {isa = PBXFileReference; lastKnownFileType = sourcecode.swift; path = TableViewCellModelProtocol.swift; sourceTree = "<group>"; };
		C1409FE12A03ADF900A8CE64 /* UITableView+ViewModel.swift */ = {isa = PBXFileReference; lastKnownFileType = sourcecode.swift; path = "UITableView+ViewModel.swift"; sourceTree = "<group>"; };
		C1409FE32A03AE5800A8CE64 /* Reusable.swift */ = {isa = PBXFileReference; lastKnownFileType = sourcecode.swift; path = Reusable.swift; sourceTree = "<group>"; };
		C1409FE52A03B10800A8CE64 /* UITableView+Reusable.swift */ = {isa = PBXFileReference; lastKnownFileType = sourcecode.swift; path = "UITableView+Reusable.swift"; sourceTree = "<group>"; };
		C1409FE72A03B44C00A8CE64 /* UIView+Reusable.swift */ = {isa = PBXFileReference; lastKnownFileType = sourcecode.swift; path = "UIView+Reusable.swift"; sourceTree = "<group>"; };
		C1409FEA2A03B57300A8CE64 /* WithButtonsViewModel.swift */ = {isa = PBXFileReference; lastKnownFileType = sourcecode.swift; path = WithButtonsViewModel.swift; sourceTree = "<group>"; };
		C14A1F042A0512AD00756EA1 /* UIButton+Animation.swift */ = {isa = PBXFileReference; lastKnownFileType = sourcecode.swift; path = "UIButton+Animation.swift"; sourceTree = "<group>"; };
		C178BD422A03DF3C00973A20 /* WithButtonsCoordinator.swift */ = {isa = PBXFileReference; lastKnownFileType = sourcecode.swift; path = WithButtonsCoordinator.swift; sourceTree = "<group>"; };
		C178BD442A03E94700973A20 /* WithGradientCoordinator.swift */ = {isa = PBXFileReference; lastKnownFileType = sourcecode.swift; path = WithGradientCoordinator.swift; sourceTree = "<group>"; };
		C1974D732A061EF50070C987 /* AppCoordinator.swift */ = {isa = PBXFileReference; lastKnownFileType = sourcecode.swift; path = AppCoordinator.swift; sourceTree = "<group>"; };
/* End PBXFileReference section */

/* Begin PBXFrameworksBuildPhase section */
		C1376E9029FFA3FB00363ADC /* Frameworks */ = {
			isa = PBXFrameworksBuildPhase;
			buildActionMask = 2147483647;
			files = (
			);
			runOnlyForDeploymentPostprocessing = 0;
		};
/* End PBXFrameworksBuildPhase section */

/* Begin PBXGroup section */
		C1376E8A29FFA3FB00363ADC = {
			isa = PBXGroup;
			children = (
				C1376E9529FFA3FB00363ADC /* FathersKick */,
				C1376E9429FFA3FB00363ADC /* Products */,
			);
			sourceTree = "<group>";
		};
		C1376E9429FFA3FB00363ADC /* Products */ = {
			isa = PBXGroup;
			children = (
				C1376E9329FFA3FB00363ADC /* FathersKick.app */,
			);
			name = Products;
			sourceTree = "<group>";
		};
		C1376E9529FFA3FB00363ADC /* FathersKick */ = {
			isa = PBXGroup;
			children = (
				C1409FE92A03B48E00A8CE64 /* Tasks */,
				C1376EAD29FFAA3C00363ADC /* SupportingFiles */,
				C1376E9629FFA3FB00363ADC /* AppDelegate.swift */,
				C1376E9829FFA3FB00363ADC /* SceneDelegate.swift */,
				C1376E9F29FFA3FC00363ADC /* Assets.xcassets */,
				C1376EA129FFA3FC00363ADC /* LaunchScreen.storyboard */,
				C1376EA429FFA3FC00363ADC /* Info.plist */,
				C1974D732A061EF50070C987 /* AppCoordinator.swift */,
			);
			path = FathersKick;
			sourceTree = "<group>";
		};
		C1376EAA29FFA83E00363ADC /* Extensions */ = {
			isa = PBXGroup;
			children = (
				C1376EAB29FFA85200363ADC /* UIView+Layout.swift */,
				C1409FE12A03ADF900A8CE64 /* UITableView+ViewModel.swift */,
				C1409FE52A03B10800A8CE64 /* UITableView+Reusable.swift */,
				C1409FE72A03B44C00A8CE64 /* UIView+Reusable.swift */,
				C14A1F042A0512AD00756EA1 /* UIButton+Animation.swift */,
			);
			path = Extensions;
			sourceTree = "<group>";
		};
		C1376EAD29FFAA3C00363ADC /* SupportingFiles */ = {
			isa = PBXGroup;
			children = (
				C1409FDC2A03AC9800A8CE64 /* Models */,
				C1376EAA29FFA83E00363ADC /* Extensions */,
				C1376EAE29FFAA4800363ADC /* Reusable */,
			);
			path = SupportingFiles;
			sourceTree = "<group>";
		};
		C1376EAE29FFAA4800363ADC /* Reusable */ = {
			isa = PBXGroup;
			children = (
				C1376EAF29FFAA5C00363ADC /* GradientView.swift */,
			);
			path = Reusable;
			sourceTree = "<group>";
		};
		C1409FD12A03A44900A8CE64 /* Task 1 */ = {
			isa = PBXGroup;
			children = (
				C1376E9A29FFA3FB00363ADC /* WithGradientVC.swift */,
				C178BD442A03E94700973A20 /* WithGradientCoordinator.swift */,
			);
			path = "Task 1";
			sourceTree = "<group>";
		};
		C1409FD22A03A44F00A8CE64 /* Task 2 */ = {
			isa = PBXGroup;
			children = (
				C1409FD82A03ABD300A8CE64 /* ViewModel */,
				C1409FD52A03A47900A8CE64 /* Cells */,
				C1409FD32A03A45D00A8CE64 /* WithButtonsVC.swift */,
				C178BD422A03DF3C00973A20 /* WithButtonsCoordinator.swift */,
			);
			path = "Task 2";
			sourceTree = "<group>";
		};
		C1409FD52A03A47900A8CE64 /* Cells */ = {
			isa = PBXGroup;
			children = (
				C1409FD62A03A49C00A8CE64 /* ButtonCell.swift */,
			);
			path = Cells;
			sourceTree = "<group>";
		};
		C1409FD82A03ABD300A8CE64 /* ViewModel */ = {
			isa = PBXGroup;
			children = (
				C1409FD92A03ABEB00A8CE64 /* ButtonTableViewCellVM.swift */,
				C1409FEA2A03B57300A8CE64 /* WithButtonsViewModel.swift */,
			);
			path = ViewModel;
			sourceTree = "<group>";
		};
		C1409FDC2A03AC9800A8CE64 /* Models */ = {
			isa = PBXGroup;
			children = (
				C1409FDD2A03ACAA00A8CE64 /* AnyReusableViewModelProtocol.swift */,
				C1409FDF2A03AD0400A8CE64 /* TableViewCellModelProtocol.swift */,
				C1409FE32A03AE5800A8CE64 /* Reusable.swift */,
			);
			path = Models;
			sourceTree = "<group>";
		};
		C1409FE92A03B48E00A8CE64 /* Tasks */ = {
			isa = PBXGroup;
			children = (
				C1409FD12A03A44900A8CE64 /* Task 1 */,
				C1409FD22A03A44F00A8CE64 /* Task 2 */,
			);
			path = Tasks;
			sourceTree = "<group>";
		};
/* End PBXGroup section */

/* Begin PBXNativeTarget section */
		C1376E9229FFA3FB00363ADC /* FathersKick */ = {
			isa = PBXNativeTarget;
			buildConfigurationList = C1376EA729FFA3FC00363ADC /* Build configuration list for PBXNativeTarget "FathersKick" */;
			buildPhases = (
				C1376E8F29FFA3FB00363ADC /* Sources */,
				C1376E9029FFA3FB00363ADC /* Frameworks */,
				C1376E9129FFA3FB00363ADC /* Resources */,
			);
			buildRules = (
			);
			dependencies = (
			);
			name = FathersKick;
			productName = FathersKick;
			productReference = C1376E9329FFA3FB00363ADC /* FathersKick.app */;
			productType = "com.apple.product-type.application";
		};
/* End PBXNativeTarget section */

/* Begin PBXProject section */
		C1376E8B29FFA3FB00363ADC /* Project object */ = {
			isa = PBXProject;
			attributes = {
				BuildIndependentTargetsInParallel = 1;
				LastSwiftUpdateCheck = 1420;
				LastUpgradeCheck = 1420;
				TargetAttributes = {
					C1376E9229FFA3FB00363ADC = {
						CreatedOnToolsVersion = 14.2;
					};
				};
			};
			buildConfigurationList = C1376E8E29FFA3FB00363ADC /* Build configuration list for PBXProject "FathersKick" */;
			compatibilityVersion = "Xcode 14.0";
			developmentRegion = en;
			hasScannedForEncodings = 0;
			knownRegions = (
				en,
				Base,
			);
			mainGroup = C1376E8A29FFA3FB00363ADC;
			productRefGroup = C1376E9429FFA3FB00363ADC /* Products */;
			projectDirPath = "";
			projectRoot = "";
			targets = (
				C1376E9229FFA3FB00363ADC /* FathersKick */,
			);
		};
/* End PBXProject section */

/* Begin PBXResourcesBuildPhase section */
		C1376E9129FFA3FB00363ADC /* Resources */ = {
			isa = PBXResourcesBuildPhase;
			buildActionMask = 2147483647;
			files = (
				C1376EA329FFA3FC00363ADC /* LaunchScreen.storyboard in Resources */,
				C1376EA029FFA3FC00363ADC /* Assets.xcassets in Resources */,
			);
			runOnlyForDeploymentPostprocessing = 0;
		};
/* End PBXResourcesBuildPhase section */

/* Begin PBXSourcesBuildPhase section */
		C1376E8F29FFA3FB00363ADC /* Sources */ = {
			isa = PBXSourcesBuildPhase;
			buildActionMask = 2147483647;
			files = (
				C1409FE42A03AE5800A8CE64 /* Reusable.swift in Sources */,
				C1409FE22A03ADF900A8CE64 /* UITableView+ViewModel.swift in Sources */,
				C1409FE62A03B10800A8CE64 /* UITableView+Reusable.swift in Sources */,
				C1409FDA2A03ABEB00A8CE64 /* ButtonTableViewCellVM.swift in Sources */,
				C1376EAC29FFA85200363ADC /* UIView+Layout.swift in Sources */,
				C1409FDE2A03ACAA00A8CE64 /* AnyReusableViewModelProtocol.swift in Sources */,
				C178BD432A03DF3C00973A20 /* WithButtonsCoordinator.swift in Sources */,
				C1376E9B29FFA3FB00363ADC /* WithGradientVC.swift in Sources */,
				C1409FE82A03B44C00A8CE64 /* UIView+Reusable.swift in Sources */,
				C1409FE02A03AD0400A8CE64 /* TableViewCellModelProtocol.swift in Sources */,
				C1409FD42A03A45D00A8CE64 /* WithButtonsVC.swift in Sources */,
				C1376EB029FFAA5C00363ADC /* GradientView.swift in Sources */,
				C1376E9729FFA3FB00363ADC /* AppDelegate.swift in Sources */,
				C1409FEB2A03B57300A8CE64 /* WithButtonsViewModel.swift in Sources */,
				C178BD452A03E94700973A20 /* WithGradientCoordinator.swift in Sources */,
				C1974D742A061EF50070C987 /* AppCoordinator.swift in Sources */,
				C1376E9929FFA3FB00363ADC /* SceneDelegate.swift in Sources */,
				C14A1F052A0512AD00756EA1 /* UIButton+Animation.swift in Sources */,
				C1409FD72A03A49C00A8CE64 /* ButtonCell.swift in Sources */,
			);
			runOnlyForDeploymentPostprocessing = 0;
		};
/* End PBXSourcesBuildPhase section */

/* Begin PBXVariantGroup section */
		C1376EA129FFA3FC00363ADC /* LaunchScreen.storyboard */ = {
			isa = PBXVariantGroup;
			children = (
				C1376EA229FFA3FC00363ADC /* Base */,
			);
			name = LaunchScreen.storyboard;
			sourceTree = "<group>";
		};
/* End PBXVariantGroup section */

/* Begin XCBuildConfiguration section */
		C1376EA529FFA3FC00363ADC /* Debug */ = {
			isa = XCBuildConfiguration;
			buildSettings = {
				ALWAYS_SEARCH_USER_PATHS = NO;
				CLANG_ANALYZER_NONNULL = YES;
				CLANG_ANALYZER_NUMBER_OBJECT_CONVERSION = YES_AGGRESSIVE;
				CLANG_CXX_LANGUAGE_STANDARD = "gnu++20";
				CLANG_ENABLE_MODULES = YES;
				CLANG_ENABLE_OBJC_ARC = YES;
				CLANG_ENABLE_OBJC_WEAK = YES;
				CLANG_WARN_BLOCK_CAPTURE_AUTORELEASING = YES;
				CLANG_WARN_BOOL_CONVERSION = YES;
				CLANG_WARN_COMMA = YES;
				CLANG_WARN_CONSTANT_CONVERSION = YES;
				CLANG_WARN_DEPRECATED_OBJC_IMPLEMENTATIONS = YES;
				CLANG_WARN_DIRECT_OBJC_ISA_USAGE = YES_ERROR;
				CLANG_WARN_DOCUMENTATION_COMMENTS = YES;
				CLANG_WARN_EMPTY_BODY = YES;
				CLANG_WARN_ENUM_CONVERSION = YES;
				CLANG_WARN_INFINITE_RECURSION = YES;
				CLANG_WARN_INT_CONVERSION = YES;
				CLANG_WARN_NON_LITERAL_NULL_CONVERSION = YES;
				CLANG_WARN_OBJC_IMPLICIT_RETAIN_SELF = YES;
				CLANG_WARN_OBJC_LITERAL_CONVERSION = YES;
				CLANG_WARN_OBJC_ROOT_CLASS = YES_ERROR;
				CLANG_WARN_QUOTED_INCLUDE_IN_FRAMEWORK_HEADER = YES;
				CLANG_WARN_RANGE_LOOP_ANALYSIS = YES;
				CLANG_WARN_STRICT_PROTOTYPES = YES;
				CLANG_WARN_SUSPICIOUS_MOVE = YES;
				CLANG_WARN_UNGUARDED_AVAILABILITY = YES_AGGRESSIVE;
				CLANG_WARN_UNREACHABLE_CODE = YES;
				CLANG_WARN__DUPLICATE_METHOD_MATCH = YES;
				COPY_PHASE_STRIP = NO;
				DEBUG_INFORMATION_FORMAT = dwarf;
				ENABLE_STRICT_OBJC_MSGSEND = YES;
				ENABLE_TESTABILITY = YES;
				GCC_C_LANGUAGE_STANDARD = gnu11;
				GCC_DYNAMIC_NO_PIC = NO;
				GCC_NO_COMMON_BLOCKS = YES;
				GCC_OPTIMIZATION_LEVEL = 0;
				GCC_PREPROCESSOR_DEFINITIONS = (
					"DEBUG=1",
					"$(inherited)",
				);
				GCC_WARN_64_TO_32_BIT_CONVERSION = YES;
				GCC_WARN_ABOUT_RETURN_TYPE = YES_ERROR;
				GCC_WARN_UNDECLARED_SELECTOR = YES;
				GCC_WARN_UNINITIALIZED_AUTOS = YES_AGGRESSIVE;
				GCC_WARN_UNUSED_FUNCTION = YES;
				GCC_WARN_UNUSED_VARIABLE = YES;
				IPHONEOS_DEPLOYMENT_TARGET = 16.2;
				MTL_ENABLE_DEBUG_INFO = INCLUDE_SOURCE;
				MTL_FAST_MATH = YES;
				ONLY_ACTIVE_ARCH = YES;
				SDKROOT = iphoneos;
				SWIFT_ACTIVE_COMPILATION_CONDITIONS = DEBUG;
				SWIFT_OPTIMIZATION_LEVEL = "-Onone";
			};
			name = Debug;
		};
		C1376EA629FFA3FC00363ADC /* Release */ = {
			isa = XCBuildConfiguration;
			buildSettings = {
				ALWAYS_SEARCH_USER_PATHS = NO;
				CLANG_ANALYZER_NONNULL = YES;
				CLANG_ANALYZER_NUMBER_OBJECT_CONVERSION = YES_AGGRESSIVE;
				CLANG_CXX_LANGUAGE_STANDARD = "gnu++20";
				CLANG_ENABLE_MODULES = YES;
				CLANG_ENABLE_OBJC_ARC = YES;
				CLANG_ENABLE_OBJC_WEAK = YES;
				CLANG_WARN_BLOCK_CAPTURE_AUTORELEASING = YES;
				CLANG_WARN_BOOL_CONVERSION = YES;
				CLANG_WARN_COMMA = YES;
				CLANG_WARN_CONSTANT_CONVERSION = YES;
				CLANG_WARN_DEPRECATED_OBJC_IMPLEMENTATIONS = YES;
				CLANG_WARN_DIRECT_OBJC_ISA_USAGE = YES_ERROR;
				CLANG_WARN_DOCUMENTATION_COMMENTS = YES;
				CLANG_WARN_EMPTY_BODY = YES;
				CLANG_WARN_ENUM_CONVERSION = YES;
				CLANG_WARN_INFINITE_RECURSION = YES;
				CLANG_WARN_INT_CONVERSION = YES;
				CLANG_WARN_NON_LITERAL_NULL_CONVERSION = YES;
				CLANG_WARN_OBJC_IMPLICIT_RETAIN_SELF = YES;
				CLANG_WARN_OBJC_LITERAL_CONVERSION = YES;
				CLANG_WARN_OBJC_ROOT_CLASS = YES_ERROR;
				CLANG_WARN_QUOTED_INCLUDE_IN_FRAMEWORK_HEADER = YES;
				CLANG_WARN_RANGE_LOOP_ANALYSIS = YES;
				CLANG_WARN_STRICT_PROTOTYPES = YES;
				CLANG_WARN_SUSPICIOUS_MOVE = YES;
				CLANG_WARN_UNGUARDED_AVAILABILITY = YES_AGGRESSIVE;
				CLANG_WARN_UNREACHABLE_CODE = YES;
				CLANG_WARN__DUPLICATE_METHOD_MATCH = YES;
				COPY_PHASE_STRIP = NO;
				DEBUG_INFORMATION_FORMAT = "dwarf-with-dsym";
				ENABLE_NS_ASSERTIONS = NO;
				ENABLE_STRICT_OBJC_MSGSEND = YES;
				GCC_C_LANGUAGE_STANDARD = gnu11;
				GCC_NO_COMMON_BLOCKS = YES;
				GCC_WARN_64_TO_32_BIT_CONVERSION = YES;
				GCC_WARN_ABOUT_RETURN_TYPE = YES_ERROR;
				GCC_WARN_UNDECLARED_SELECTOR = YES;
				GCC_WARN_UNINITIALIZED_AUTOS = YES_AGGRESSIVE;
				GCC_WARN_UNUSED_FUNCTION = YES;
				GCC_WARN_UNUSED_VARIABLE = YES;
				IPHONEOS_DEPLOYMENT_TARGET = 16.2;
				MTL_ENABLE_DEBUG_INFO = NO;
				MTL_FAST_MATH = YES;
				SDKROOT = iphoneos;
				SWIFT_COMPILATION_MODE = wholemodule;
				SWIFT_OPTIMIZATION_LEVEL = "-O";
				VALIDATE_PRODUCT = YES;
			};
			name = Release;
		};
		C1376EA829FFA3FC00363ADC /* Debug */ = {
			isa = XCBuildConfiguration;
			buildSettings = {
				ASSETCATALOG_COMPILER_APPICON_NAME = AppIcon;
				ASSETCATALOG_COMPILER_GLOBAL_ACCENT_COLOR_NAME = AccentColor;
				CODE_SIGN_STYLE = Automatic;
				CURRENT_PROJECT_VERSION = 1;
				DEVELOPMENT_TEAM = RMW6246449;
				GENERATE_INFOPLIST_FILE = YES;
				INFOPLIST_FILE = FathersKick/Info.plist;
				INFOPLIST_KEY_UIApplicationSupportsIndirectInputEvents = YES;
				INFOPLIST_KEY_UILaunchStoryboardName = LaunchScreen;
				INFOPLIST_KEY_UIStatusBarStyle = UIStatusBarStyleDarkContent;
				INFOPLIST_KEY_UISupportedInterfaceOrientations_iPhone = "UIInterfaceOrientationPortrait UIInterfaceOrientationLandscapeLeft UIInterfaceOrientationLandscapeRight";
				IPHONEOS_DEPLOYMENT_TARGET = 14.0;
				LD_RUNPATH_SEARCH_PATHS = (
					"$(inherited)",
					"@executable_path/Frameworks",
				);
				MARKETING_VERSION = 1.0;
				PRODUCT_BUNDLE_IDENTIFIER = ru.FathersKick;
				PRODUCT_NAME = "$(TARGET_NAME)";
				SUPPORTED_PLATFORMS = "iphoneos iphonesimulator";
				SUPPORTS_MACCATALYST = NO;
				SUPPORTS_MAC_DESIGNED_FOR_IPHONE_IPAD = NO;
				SWIFT_EMIT_LOC_STRINGS = YES;
				SWIFT_VERSION = 5.0;
				TARGETED_DEVICE_FAMILY = 1;
			};
			name = Debug;
		};
		C1376EA929FFA3FC00363ADC /* Release */ = {
			isa = XCBuildConfiguration;
			buildSettings = {
				ASSETCATALOG_COMPILER_APPICON_NAME = AppIcon;
				ASSETCATALOG_COMPILER_GLOBAL_ACCENT_COLOR_NAME = AccentColor;
				CODE_SIGN_STYLE = Automatic;
				CURRENT_PROJECT_VERSION = 1;
				DEVELOPMENT_TEAM = RMW6246449;
				GENERATE_INFOPLIST_FILE = YES;
				INFOPLIST_FILE = FathersKick/Info.plist;
				INFOPLIST_KEY_UIApplicationSupportsIndirectInputEvents = YES;
				INFOPLIST_KEY_UILaunchStoryboardName = LaunchScreen;
				INFOPLIST_KEY_UIStatusBarStyle = UIStatusBarStyleDarkContent;
				INFOPLIST_KEY_UISupportedInterfaceOrientations_iPhone = "UIInterfaceOrientationPortrait UIInterfaceOrientationLandscapeLeft UIInterfaceOrientationLandscapeRight";
				IPHONEOS_DEPLOYMENT_TARGET = 14.0;
				LD_RUNPATH_SEARCH_PATHS = (
					"$(inherited)",
					"@executable_path/Frameworks",
				);
				MARKETING_VERSION = 1.0;
				PRODUCT_BUNDLE_IDENTIFIER = ru.FathersKick;
				PRODUCT_NAME = "$(TARGET_NAME)";
				SUPPORTED_PLATFORMS = "iphoneos iphonesimulator";
				SUPPORTS_MACCATALYST = NO;
				SUPPORTS_MAC_DESIGNED_FOR_IPHONE_IPAD = NO;
				SWIFT_EMIT_LOC_STRINGS = YES;
				SWIFT_VERSION = 5.0;
				TARGETED_DEVICE_FAMILY = 1;
			};
			name = Release;
		};
/* End XCBuildConfiguration section */

/* Begin XCConfigurationList section */
		C1376E8E29FFA3FB00363ADC /* Build configuration list for PBXProject "FathersKick" */ = {
			isa = XCConfigurationList;
			buildConfigurations = (
				C1376EA529FFA3FC00363ADC /* Debug */,
				C1376EA629FFA3FC00363ADC /* Release */,
			);
			defaultConfigurationIsVisible = 0;
			defaultConfigurationName = Release;
		};
		C1376EA729FFA3FC00363ADC /* Build configuration list for PBXNativeTarget "FathersKick" */ = {
			isa = XCConfigurationList;
			buildConfigurations = (
				C1376EA829FFA3FC00363ADC /* Debug */,
				C1376EA929FFA3FC00363ADC /* Release */,
			);
			defaultConfigurationIsVisible = 0;
			defaultConfigurationName = Release;
		};
/* End XCConfigurationList section */
	};
	rootObject = C1376E8B29FFA3FB00363ADC /* Project object */;
}
